
Microsoft Visual Studio Solution File, Format Version 11.00
# Visual Studio 2010
Project("{8BC9CEB8-8B4A-11D0-8D11-00A0C91BC942}") = "TerrainRenderer", "TerrainRenderer\TerrainRenderer.vcxproj", "{8A6080EB-C4F9-4763-AD01-B5BD3387E5C7}"
EndProject
Global
	GlobalSection(SolutionConfigurationPlatforms) = preSolution
		Debug|Win32 = Debug|Win32
		Release|Win32 = Release|Win32
	EndGlobalSection
	GlobalSection(ProjectConfigurationPlatforms) = postSolution
		{8A6080EB-C4F9-4763-AD01-B5BD3387E5C7}.Debug|Win32.ActiveCfg = Debug|Win32
		{8A6080EB-C4F9-4763-AD01-B5BD3387E5C7}.Debug|Win32.Build.0 = Debug|Win32
		{8A6080EB-C4F9-4763-AD01-B5BD3387E5C7}.Release|Win32.ActiveCfg = Release|Win32
		{8A6080EB-C4F9-4763-AD01-B5BD3387E5C7}.Release|Win32.Build.0 = Release|Win32
	EndGlobalSection
	GlobalSection(SolutionProperties) = preSolution
		HideSolutionNode = FALSE
	EndGlobalSection
EndGlobal
